
Microsoft Visual Studio Solution File, Format Version 12.00
# Visual Studio Version 16
VisualStudioVersion = 16.0.32126.315
MinimumVisualStudioVersion = 10.0.40219.1
Project("{FAE04EC0-301F-11D3-BF4B-00C04F79EFBC}") = "Muebles.SV", "Muebles.SV\Muebles.SV.csproj", "{B9F6F413-9F99-4295-A8C3-8173A0CF1B87}"
EndProject
Global
	GlobalSection(SolutionConfigurationPlatforms) = preSolution
		Debug|Any CPU = Debug|Any CPU
		Release|Any CPU = Release|Any CPU
	EndGlobalSection
	GlobalSection(ProjectConfigurationPlatforms) = postSolution
		{B9F6F413-9F99-4295-A8C3-8173A0CF1B87}.Debug|Any CPU.ActiveCfg = Debug|Any CPU
		{B9F6F413-9F99-4295-A8C3-8173A0CF1B87}.Debug|Any CPU.Build.0 = Debug|Any CPU
		{B9F6F413-9F99-4295-A8C3-8173A0CF1B87}.Release|Any CPU.ActiveCfg = Release|Any CPU
		{B9F6F413-9F99-4295-A8C3-8173A0CF1B87}.Release|Any CPU.Build.0 = Release|Any CPU
	EndGlobalSection
	GlobalSection(SolutionProperties) = preSolution
		HideSolutionNode = FALSE
	EndGlobalSection
	GlobalSection(ExtensibilityGlobals) = postSolution
		SolutionGuid = {C21E4B72-EF2D-46BC-A8F5-6FC665AD8DC5}
	EndGlobalSection
EndGlobal
